{
  "lockfileVersion": 1,
  "configVersion": 0,
  "workspaces": {
    "": {
      "name": "1sat-api",
      "dependencies": {
        "@bsv/sdk": "^2.4.1",
        "@elysiajs/cors": "^1.4.2",
        "@elysiajs/swagger": "^1.3.1",
        "@sinclair/typebox": "^0.34.52",
        "elysia": "^1.4.29",
        "eventsource": "^4.1.1",
        "ioredis": "^5.11.1",
        "js-1sat-ord": "^0.1.91",
      },
      "devDependencies": {
        "@biomejs/biome": "2.2.6",
        "@types/bun": "^1.4.0",
      },
      "peerDependencies": {
        "typescript": "^5.9.3",
      },
    },
  },
  "packages": {
    "@biomejs/biome": ["@biomejs/biome@2.2.6", "", { "optionalDependencies": { "@biomejs/cli-darwin-arm64": "2.2.6", "@biomejs/cli-darwin-x64": "2.2.6", "@biomejs/cli-linux-arm64": "2.2.6", "@biomejs/cli-linux-arm64-musl": "2.2.6", "@biomejs/cli-linux-x64": "2.2.6", "@biomejs/cli-linux-x64-musl": "2.2.6", "@biomejs/cli-win32-arm64": "2.2.6", "@biomejs/cli-win32-x64": "2.2.6" }, "bin": { "biome": "bin/biome" } }, "sha512-yKTCNGhek0rL5OEW1jbLeZX8LHaM8yk7+3JRGv08my+gkpmtb5dDE+54r2ZjZx0ediFEn1pYBOJSmOdDP9xtFw=="],

    "@biomejs/cli-darwin-arm64": ["@biomejs/cli-darwin-arm64@2.2.6", "", { "os": "darwin", "cpu": "arm64" }, "sha512-UZPmn3M45CjTYulgcrFJFZv7YmK3pTxTJDrFYlNElT2FNnkkX4fsxjExTSMeWKQYoZjvekpH5cvrYZZlWu3yfA=="],

    "@biomejs/cli-darwin-x64": ["@biomejs/cli-darwin-x64@2.2.6", "", { "os": "darwin", "cpu": "x64" }, "sha512-HOUIquhHVgh/jvxyClpwlpl/oeMqntlteL89YqjuFDiZ091P0vhHccwz+8muu3nTyHWM5FQslt+4Jdcd67+xWQ=="],

    "@biomejs/cli-linux-arm64": ["@biomejs/cli-linux-arm64@2.2.6", "", { "os": "linux", "cpu": "arm64" }, "sha512-BpGtuMJGN+o8pQjvYsUKZ+4JEErxdSmcRD/JG3mXoWc6zrcA7OkuyGFN1mDggO0Q1n7qXxo/PcupHk8gzijt5g=="],

    "@biomejs/cli-linux-arm64-musl": ["@biomejs/cli-linux-arm64-musl@2.2.6", "", { "os": "linux", "cpu": "arm64" }, "sha512-TjCenQq3N6g1C+5UT3jE1bIiJb5MWQvulpUngTIpFsL4StVAUXucWD0SL9MCW89Tm6awWfeXBbZBAhJwjyFbRQ=="],

    "@biomejs/cli-linux-x64": ["@biomejs/cli-linux-x64@2.2.6", "", { "os": "linux", "cpu": "x64" }, "sha512-1HaM/dpI/1Z68zp8ZdT6EiBq+/O/z97a2AiHMl+VAdv5/ELckFt9EvRb8hDHpk8hUMoz03gXkC7VPXOVtU7faA=="],

    "@biomejs/cli-linux-x64-musl": ["@biomejs/cli-linux-x64-musl@2.2.6", "", { "os": "linux", "cpu": "x64" }, "sha512-1ZcBux8zVM3JhWN2ZCPaYf0+ogxXG316uaoXJdgoPZcdK/rmRcRY7PqHdAos2ExzvjIdvhQp72UcveI98hgOog=="],

    "@biomejs/cli-win32-arm64": ["@biomejs/cli-win32-arm64@2.2.6", "", { "os": "win32", "cpu": "arm64" }, "sha512-h3A88G8PGM1ryTeZyLlSdfC/gz3e95EJw9BZmA6Po412DRqwqPBa2Y9U+4ZSGUAXCsnSQE00jLV8Pyrh0d+jQw=="],

    "@biomejs/cli-win32-x64": ["@biomejs/cli-win32-x64@2.2.6", "", { "os": "win32", "cpu": "x64" }, "sha512-yx0CqeOhPjYQ5ZXgPfu8QYkgBhVJyvWe36as7jRuPrKPO5ylVDfwVtPQ+K/mooNTADW0IhxOZm3aPu16dP8yNQ=="],

    "@bopen-io/templates": ["@bopen-io/templates@1.2.3", "", { "dependencies": { "@bsv/sdk": "^2.0.4" }, "peerDependencies": { "sigma-protocol": "^0.1.9" }, "optionalPeers": ["sigma-protocol"] }, "sha512-O8gDbqiqRIhk/2kmj3wnmcWC452uEb6Htu/pCQ3HQ9W/0DrIYarP8ulD4amCuqcdkDsxMbY53YvMx+OqfVuutA=="],

    "@borewit/text-codec": ["@borewit/text-codec@0.2.2", "", {}, "sha512-DDaRehssg1aNrH4+2hnj1B7vnUGEjU6OIlyRdkMd0aUdIUvKXrJfXsy8LVtXAy7DRvYVluWbMspsRhz2lcW0mQ=="],

    "@bsv/sdk": ["@bsv/sdk@2.4.1", "", {}, "sha512-iCsPJN3ESeV5ncg78lzkFKsJ6YFTIMN/6zLt7WPsL5iwzM5Rrg+/y+zjhFYcI7PFXhlXdqUehHefPLrxhljw8Q=="],

    "@elysiajs/cors": ["@elysiajs/cors@1.4.2", "", { "peerDependencies": { "elysia": ">= 1.4.0" } }, "sha512-FTCcbH35brTLigF1W7BYySRZomgI/dBEMK9BgK9RP9Nez7zmpGh4koL/Yr1BFv8nYz7CfhRvcM8d/c+XnwMaVQ=="],

    "@elysiajs/swagger": ["@elysiajs/swagger@1.3.1", "", { "dependencies": { "@scalar/themes": "^0.9.52", "@scalar/types": "^0.0.12", "openapi-types": "^12.1.3", "pathe": "^1.1.2" }, "peerDependencies": { "elysia": ">= 1.3.0" } }, "sha512-LcbLHa0zE6FJKWPWKsIC/f+62wbDv3aXydqcNPVPyqNcaUgwvCajIi+5kHEU6GO3oXUCpzKaMsb3gsjt8sLzFQ=="],

    "@ioredis/commands": ["@ioredis/commands@1.10.0", "", {}, "sha512-UmeW7z4LfctwoQ5wkhVzgq8tXkreED2xZGpX+Bg+zA+WJFZCT6c062AfCK/Dfk81xZnnwdhJCUMkitihRaoC2Q=="],

    "@scalar/openapi-types": ["@scalar/openapi-types@0.1.1", "", {}, "sha512-NMy3QNk6ytcCoPUGJH0t4NNr36OWXgZhA3ormr3TvhX1NDgoF95wFyodGVH8xiHeUyn2/FxtETm8UBLbB5xEmg=="],

    "@scalar/themes": ["@scalar/themes@0.9.86", "", { "dependencies": { "@scalar/types": "0.1.7" } }, "sha512-QUHo9g5oSWi+0Lm1vJY9TaMZRau8LHg+vte7q5BVTBnu6NuQfigCaN+ouQ73FqIVd96TwMO6Db+dilK1B+9row=="],

    "@scalar/types": ["@scalar/types@0.0.12", "", { "dependencies": { "@scalar/openapi-types": "0.1.1", "@unhead/schema": "^1.9.5" } }, "sha512-XYZ36lSEx87i4gDqopQlGCOkdIITHHEvgkuJFrXFATQs9zHARop0PN0g4RZYWj+ZpCUclOcaOjbCt8JGe22mnQ=="],

    "@sinclair/typebox": ["@sinclair/typebox@0.34.52", "", {}, "sha512-XiMQh7qqVlxZzcVD+kkGMNGMzcTrDMLWI7S4x7z1MkCkbDPrekpZXEUK0eZqZFMuHQg2a2DZOcDIh9o5v3Gonw=="],

    "@tokenizer/inflate": ["@tokenizer/inflate@0.4.1", "", { "dependencies": { "debug": "^4.4.3", "token-types": "^6.1.1" } }, "sha512-2mAv+8pkG6GIZiF1kNg1jAjh27IDxEPKwdGul3snfztFerfPGI1LjDezZp3i7BElXompqEtPmoPx6c2wgtWsOA=="],

    "@tokenizer/token": ["@tokenizer/token@0.3.0", "", {}, "sha512-OvjF+z51L3ov0OyAU0duzsYuvO01PH7x4t6DJx+guahgTnBHkhJdG7soQeTSFLWN3efnHyibZ4Z8l2EuWwJN3A=="],

    "@types/bun": ["@types/bun@1.4.0", "", { "dependencies": { "bun-types": "1.4.0" } }, "sha512-K+lZULY23vRgK/CfTjFIV+tyifaNdSMlPh9j+6mQ/cLfpOznLyAuzgV/JQysyECpkBQLVMSyvjlr2fBUSA9wFQ=="],

    "@types/node": ["@types/node@26.3.0", "", { "dependencies": { "undici-types": "~8.3.0" } }, "sha512-L3fgrnchriRC2ExBflb8j4uZZURHZfQsmQeyVzhjcHW4kkwVyo8/0h1B2MVzMTrYUJYu6G7EWs14hW/L9putqw=="],

    "@unhead/schema": ["@unhead/schema@1.11.20", "", { "dependencies": { "hookable": "^5.5.3", "zhead": "^2.2.4" } }, "sha512-0zWykKAaJdm+/Y7yi/Yds20PrUK7XabLe9c3IRcjnwYmSWY6z0Cr19VIs3ozCj8P+GhR+/TI2mwtGlueCEYouA=="],

    "bun-types": ["bun-types@1.4.0", "", { "dependencies": { "@types/node": "*" } }, "sha512-iIKw23BspnQQYd3prITOBxeUsxBHnwzX6YJfGMuNOZzeNcMmVqzIIVGRm1l69ogaPQmb4wB6BN8mA5bE9YuC5Q=="],

    "cluster-key-slot": ["cluster-key-slot@1.1.1", "", {}, "sha512-rwHwUfXL40Chm1r08yrhU3qpUvdVlgkKNeyeGPOxnW8/SyVDvgRaed/Uz54AqWNaTCAThlj6QAs3TZcKI0xDEw=="],

    "cookie": ["cookie@1.1.1", "", {}, "sha512-ei8Aos7ja0weRpFzJnEA9UHJ/7XQmqglbRwnf2ATjcB9Wq874VKH9kfjjirM6UhU2/E5fFYadylyhFldcqSidQ=="],

    "debug": ["debug@4.4.3", "", { "dependencies": { "ms": "^2.1.3" } }, "sha512-RGwwWnwQvkVfavKVt22FGLw+xYSdzARwm0ru6DhTVA3umU5hZc28V3kO4stgYryrTlLpuvgI9GiijltAjNbcqA=="],

    "denque": ["denque@2.1.0", "", {}, "sha512-HVQE3AAb/pxF8fQAoiqpvg9i3evqug3hoiwakOyZAwJm+6vZehbkYXZ0l4JxS+I3QxM97v5aaRNhj8v5oBhekw=="],

    "elysia": ["elysia@1.4.29", "", { "dependencies": { "cookie": "^1.1.1", "exact-mirror": "^0.2.7", "fast-decode-uri-component": "^1.0.1", "memoirist": "^0.4.0" }, "peerDependencies": { "@sinclair/typebox": ">= 0.34.0 < 1", "@types/bun": ">= 1.2.0", "file-type": ">= 20.0.0", "openapi-types": ">= 12.0.0", "typescript": ">= 5.0.0" }, "optionalPeers": ["@types/bun", "typescript"] }, "sha512-GwMRGGwSdjfPt+w3LA0fqTuYJtS8uVRJicvoar98/HrO5qdFKDc9CwjIb6Kja+v39lkY+58hr2JvdR9jQzlUuA=="],

    "eventsource": ["eventsource@4.1.1", "", { "dependencies": { "eventsource-parser": "^3.0.1" } }, "sha512-D6bTRWh6KahHTK/m4WnjPQyEinNPf9eFLEZSEoj7d6fTibspnAVYfzHvirL7u/aoX5d9YYfIkBVAhmigUELk9w=="],

    "eventsource-parser": ["eventsource-parser@3.1.1", "", {}, "sha512-EKN1vKAMcZ8MlYMpaNuxN6R9yakzH6uajHcHVTqWJzvu5pWw9DyhbP35HH8MVBQ+dZjAfDxk+A8NiR9KWaXiyQ=="],

    "exact-mirror": ["exact-mirror@0.2.7", "", { "peerDependencies": { "@sinclair/typebox": "^0.34.15" }, "optionalPeers": ["@sinclair/typebox"] }, "sha512-+MeEmDcLA4o/vjK2zujgk+1VTxPR4hdp23qLqkWfStbECtAq9gmsvQa3LW6z/0GXZyHJobrCnmy1cdeE7BjsYg=="],

    "fast-decode-uri-component": ["fast-decode-uri-component@1.0.1", "", {}, "sha512-WKgKWg5eUxvRZGwW8FvfbaH7AXSh2cL+3j5fMGzUMCxWBJ3dV3a7Wz8y2f/uQ0e3B6WmodD3oS54jTQ9HVTIIg=="],

    "file-type": ["file-type@22.0.2", "", { "dependencies": { "@tokenizer/inflate": "^0.4.1", "strtok3": "^10.3.5", "token-types": "^6.1.2", "uint8array-extras": "^1.5.0" } }, "sha512-0H8TsCUGBLx+V5adH3EY52hTAcyLKbV1D4gq5cIOJ6DnQAHeV9Z2Hhuc5CoBX4YmvB2oL+JIC84z0qO7JsCoNw=="],

    "hookable": ["hookable@5.5.3", "", {}, "sha512-Yc+BQe8SvoXH1643Qez1zqLRmbA5rCL+sSmk6TVos0LWVfNIB7PGncdlId77WzLGSIB5KaWgTaNTs2lNVEI6VQ=="],

    "ieee754": ["ieee754@1.2.1", "", {}, "sha512-dcyqhDvX1C46lXZcVqCpK+FtMRQVdIMN6/Df5js2zouUsqG7I6sFxitIC+7KYK29KdXOLHdu9zL4sFnoVQnqaA=="],

    "image-meta": ["image-meta@0.2.2", "", {}, "sha512-3MOLanc3sb3LNGWQl1RlQlNWURE5g32aUphrDyFeCsxBTk08iE3VNe4CwsUZ0Qs1X+EfX0+r29Sxdpza4B+yRA=="],

    "ioredis": ["ioredis@5.11.1", "", { "dependencies": { "@ioredis/commands": "1.10.0", "cluster-key-slot": "1.1.1", "debug": "4.4.3", "denque": "2.1.0", "redis-errors": "1.2.0", "redis-parser": "3.0.0", "standard-as-callback": "2.1.0" } }, "sha512-ehuGcf94bQXhfagULNXrJdfnWO38v070jxSx/qE87Kjzmu2fU7ro5EFAb+OPituLqgfyuQaym5DlrNydW2sJ9A=="],

    "js-1sat-ord": ["js-1sat-ord@0.1.91", "", { "dependencies": { "@bopen-io/templates": "^1.1.2", "image-meta": "^0.2.2", "satoshi-token": "^0.0.7", "sigma-protocol": "^0.1.6" } }, "sha512-yuCv+knWwh8C8n17L7HQGQ8fB36OM6btUaqQpRqk1UhKFehfI+IboW4UG6GDgsaB+VMe1asyxv2ebpOORUg3aw=="],

    "memoirist": ["memoirist@0.4.0", "", {}, "sha512-zxTgA0mSYELa66DimuNQDvyLq36AwDlTuVRbnQtB+VuTcKWm5Qc4z3WkSpgsFWHNhexqkIooqpv4hdcqrX5Nmg=="],

    "ms": ["ms@2.1.3", "", {}, "sha512-6FlzubTLZG3J2a/NVCAleEhjzq5oxgHyaCU9yYXvcLsvoVaHJq/s5xXI6/XXP6tz7R9xAOtHnSO/tXtF3WRTlA=="],

    "nanoid": ["nanoid@5.1.16", "", { "bin": { "nanoid": "bin/nanoid.js" } }, "sha512-kVrnsrJqMR8+oLJnGEmSWw9BivK5mt7H3FZatVRjrc5wGqFYuBxX1yG7+A7Gi5AefkX6t/oCkizcQgpu0cY1dQ=="],

    "openapi-types": ["openapi-types@12.1.3", "", {}, "sha512-N4YtSYJqghVu4iek2ZUvcN/0aqH1kRDuNqzcycDxhOUpg7GdvLa2F3DgS6yBNhInhv2r/6I0Flkn7CqL8+nIcw=="],

    "pathe": ["pathe@1.1.2", "", {}, "sha512-whLdWMYL2TwI08hn8/ZqAbrVemu0LNaNNJZX73O6qaIdCTfXutsLhMkjdENX0qhsQ9uIimo4/aQOmXkoon2nDQ=="],

    "redis-errors": ["redis-errors@1.2.0", "", {}, "sha512-1qny3OExCf0UvUV/5wpYKf2YwPcOqXzkwKKSmKHiE6ZMQs5heeE/c8eXK+PNllPvmjgAbfnsbpkGZWy8cBpn9w=="],

    "redis-parser": ["redis-parser@3.0.0", "", { "dependencies": { "redis-errors": "^1.0.0" } }, "sha512-DJnGAeenTdpMEH6uAJRK/uiyEIH9WVsUmoLwzudwGJUwZPp80PDBWPHXSAGNPwNvIXAbe7MSUB1zQFugFml66A=="],

    "satoshi-token": ["satoshi-token@0.0.7", "", {}, "sha512-BAAfdWWm4R3Q+WFHeQDC4+IWb+10vx8+FukXjDWmjV/wwggFIR60IyfwLAidgRCdxvBkURAR2p1IY2T2RvPJ1Q=="],

    "sigma-protocol": ["sigma-protocol@0.1.9", "", { "peerDependencies": { "@bsv/sdk": "^2.0.1" } }, "sha512-jHn44KbqhbAvYLY2efKG0cGgb2q9hkXbddEJ7ZusqXIvD5lWMs6bro5mRhdOSrhI/kp4rEbvdZxDy99N8YsPKw=="],

    "standard-as-callback": ["standard-as-callback@2.1.0", "", {}, "sha512-qoRRSyROncaz1z0mvYqIE4lCd9p2R90i6GxW3uZv5ucSu8tU7B5HXUP1gG8pVZsYNVaXjk8ClXHPttLyxAL48A=="],

    "strtok3": ["strtok3@10.3.5", "", { "dependencies": { "@tokenizer/token": "^0.3.0" } }, "sha512-ki4hZQfh5rX0QDLLkOCj+h+CVNkqmp/CMf8v8kZpkNVK6jGQooMytqzLZYUVYIZcFZ6yDB70EfD8POcFXiF5oA=="],

    "token-types": ["token-types@6.1.2", "", { "dependencies": { "@borewit/text-codec": "^0.2.1", "@tokenizer/token": "^0.3.0", "ieee754": "^1.2.1" } }, "sha512-dRXchy+C0IgK8WPC6xvCHFRIWYUbqqdEIKPaKo/AcTUNzwLTK6AH7RjdLWsEZcAN/TBdtfUw3PYEgPr5VPr6ww=="],

    "type-fest": ["type-fest@4.41.0", "", {}, "sha512-TeTSQ6H5YHvpqVwBRcnLDCBnDOHWYu7IvGbHT6N8AOymcr9PJGjc1GTtiWZTYg0NCgYwvnYWEkVChQAr9bjfwA=="],

    "typescript": ["typescript@5.9.3", "", { "bin": { "tsc": "bin/tsc", "tsserver": "bin/tsserver" } }, "sha512-jl1vZzPDinLr9eUt3J/t7V6FgNEw9QjvBPdysz9KfQDD41fQrC2Y4vKQdiaUpFT4bXlb1RHhLpp8wtm6M5TgSw=="],

    "uint8array-extras": ["uint8array-extras@1.5.0", "", {}, "sha512-rvKSBiC5zqCCiDZ9kAOszZcDvdAHwwIKJG33Ykj43OKcWsnmcBRL09YTU4nOeHZ8Y2a7l1MgTd08SBe9A8Qj6A=="],

    "undici-types": ["undici-types@8.3.0", "", {}, "sha512-j375ScV60dom+YkPFIfTLcOiPxkN/buHz5GobjLhixFuANaNs3C9l4GmrWqejgXWJ7BbJcFYpTEUkS1Ge8bpZQ=="],

    "zhead": ["zhead@2.2.4", "", {}, "sha512-8F0OI5dpWIA5IGG5NHUg9staDwz/ZPxZtvGVf01j7vHqSyZ0raHY+78atOVxRqb73AotX22uV1pXt3gYSstGag=="],

    "zod": ["zod@3.25.76", "", {}, "sha512-gzUt/qt81nXsFGKIFcC3YnfEAx5NkunCfnDlvuBSSFS02bcXu4Lmea0AFIUwbLWxWPx3d9p8S5QoaujKcNQxcQ=="],

    "@scalar/themes/@scalar/types": ["@scalar/types@0.1.7", "", { "dependencies": { "@scalar/openapi-types": "0.2.0", "@unhead/schema": "^1.11.11", "nanoid": "^5.1.5", "type-fest": "^4.20.0", "zod": "^3.23.8" } }, "sha512-irIDYzTQG2KLvFbuTI8k2Pz/R4JR+zUUSykVTbEMatkzMmVFnn1VzNSMlODbadycwZunbnL2tA27AXed9URVjw=="],

    "@scalar/themes/@scalar/types/@scalar/openapi-types": ["@scalar/openapi-types@0.2.0", "", { "dependencies": { "zod": "^3.23.8" } }, "sha512-waiKk12cRCqyUCWTOX0K1WEVX46+hVUK+zRPzAahDJ7G0TApvbNkuy5wx7aoUyEk++HHde0XuQnshXnt8jsddA=="],
  }
}
