{
  "lockfileVersion": 1,
  "workspaces": {
    "": {
      "name": "1sat-api",
      "dependencies": {
        "@bsv/sdk": "^1.8.2",
        "@eelkevdbos/elysia-basic-auth": "^2.0.1",
        "@elysiajs/cors": "^1.4.0",
        "@elysiajs/swagger": "^1.3.1",
        "@sinclair/typebox": "^0.34.41",
        "@types/lodash": "^4.17.20",
        "elysia": "^1.4.12",
        "eventsource": "^4.0.0",
        "ioredis": "^5.8.1",
        "js-1sat-ord": "^0.1.82",
        "lodash": "^4.17.21",
        "ultracite": "5.6.4",
      },
      "devDependencies": {
        "@biomejs/biome": "2.2.6",
        "@types/bun": "^1.3.0",
      },
      "peerDependencies": {
        "typescript": "^5.9.3",
      },
    },
  },
  "packages": {
    "@biomejs/biome": ["@biomejs/biome@2.2.6", "", { "optionalDependencies": { "@biomejs/cli-darwin-arm64": "2.2.6", "@biomejs/cli-darwin-x64": "2.2.6", "@biomejs/cli-linux-arm64": "2.2.6", "@biomejs/cli-linux-arm64-musl": "2.2.6", "@biomejs/cli-linux-x64": "2.2.6", "@biomejs/cli-linux-x64-musl": "2.2.6", "@biomejs/cli-win32-arm64": "2.2.6", "@biomejs/cli-win32-x64": "2.2.6" }, "bin": { "biome": "bin/biome" } }, "sha512-yKTCNGhek0rL5OEW1jbLeZX8LHaM8yk7+3JRGv08my+gkpmtb5dDE+54r2ZjZx0ediFEn1pYBOJSmOdDP9xtFw=="],

    "@biomejs/cli-darwin-arm64": ["@biomejs/cli-darwin-arm64@2.2.6", "", { "os": "darwin", "cpu": "arm64" }, "sha512-UZPmn3M45CjTYulgcrFJFZv7YmK3pTxTJDrFYlNElT2FNnkkX4fsxjExTSMeWKQYoZjvekpH5cvrYZZlWu3yfA=="],

    "@biomejs/cli-darwin-x64": ["@biomejs/cli-darwin-x64@2.2.6", "", { "os": "darwin", "cpu": "x64" }, "sha512-HOUIquhHVgh/jvxyClpwlpl/oeMqntlteL89YqjuFDiZ091P0vhHccwz+8muu3nTyHWM5FQslt+4Jdcd67+xWQ=="],

    "@biomejs/cli-linux-arm64": ["@biomejs/cli-linux-arm64@2.2.6", "", { "os": "linux", "cpu": "arm64" }, "sha512-BpGtuMJGN+o8pQjvYsUKZ+4JEErxdSmcRD/JG3mXoWc6zrcA7OkuyGFN1mDggO0Q1n7qXxo/PcupHk8gzijt5g=="],

    "@biomejs/cli-linux-arm64-musl": ["@biomejs/cli-linux-arm64-musl@2.2.6", "", { "os": "linux", "cpu": "arm64" }, "sha512-TjCenQq3N6g1C+5UT3jE1bIiJb5MWQvulpUngTIpFsL4StVAUXucWD0SL9MCW89Tm6awWfeXBbZBAhJwjyFbRQ=="],

    "@biomejs/cli-linux-x64": ["@biomejs/cli-linux-x64@2.2.6", "", { "os": "linux", "cpu": "x64" }, "sha512-1HaM/dpI/1Z68zp8ZdT6EiBq+/O/z97a2AiHMl+VAdv5/ELckFt9EvRb8hDHpk8hUMoz03gXkC7VPXOVtU7faA=="],

    "@biomejs/cli-linux-x64-musl": ["@biomejs/cli-linux-x64-musl@2.2.6", "", { "os": "linux", "cpu": "x64" }, "sha512-1ZcBux8zVM3JhWN2ZCPaYf0+ogxXG316uaoXJdgoPZcdK/rmRcRY7PqHdAos2ExzvjIdvhQp72UcveI98hgOog=="],

    "@biomejs/cli-win32-arm64": ["@biomejs/cli-win32-arm64@2.2.6", "", { "os": "win32", "cpu": "arm64" }, "sha512-h3A88G8PGM1ryTeZyLlSdfC/gz3e95EJw9BZmA6Po412DRqwqPBa2Y9U+4ZSGUAXCsnSQE00jLV8Pyrh0d+jQw=="],

    "@biomejs/cli-win32-x64": ["@biomejs/cli-win32-x64@2.2.6", "", { "os": "win32", "cpu": "x64" }, "sha512-yx0CqeOhPjYQ5ZXgPfu8QYkgBhVJyvWe36as7jRuPrKPO5ylVDfwVtPQ+K/mooNTADW0IhxOZm3aPu16dP8yNQ=="],

    "@borewit/text-codec": ["@borewit/text-codec@0.1.1", "", {}, "sha512-5L/uBxmjaCIX5h8Z+uu+kA9BQLkc/Wl06UGR5ajNRxu+/XjonB5i8JpgFMrPj3LXTCPA0pv8yxUvbUi+QthGGA=="],

    "@bsv/sdk": ["@bsv/sdk@1.8.2", "", {}, "sha512-ZLDTca0JoZXFOxQ86saapPVe93EIvWhZZtNsegVYCT562kKwo+lziyfkzM1PrGX9W3E49JofIjC4br6iFVmNoA=="],

    "@clack/core": ["@clack/core@0.5.0", "", { "dependencies": { "picocolors": "^1.0.0", "sisteransi": "^1.0.5" } }, "sha512-p3y0FIOwaYRUPRcMO7+dlmLh8PSRcrjuTndsiA0WAFbWES0mLZlrjVoBRZ9DzkPFJZG6KGkJmoEAY0ZcVWTkow=="],

    "@clack/prompts": ["@clack/prompts@0.11.0", "", { "dependencies": { "@clack/core": "0.5.0", "picocolors": "^1.0.0", "sisteransi": "^1.0.5" } }, "sha512-pMN5FcrEw9hUkZA4f+zLlzivQSeQf5dRGJjSUbvVYDLvpKCdQx5OaknvKzgbtXOizhP+SJJJjqEbOe55uKKfAw=="],

    "@eelkevdbos/elysia-basic-auth": ["@eelkevdbos/elysia-basic-auth@2.0.1", "", { "peerDependencies": { "elysia": "^1.0.15", "typescript": "^5.0.0" } }, "sha512-k2XOnq+0wg3RhLRhweADtiM9xLGNERV1iToMDJAT6naJfCviufRwlCDgOUiHaQDRR82u4F6c7XAtTFAMBVIATw=="],

    "@elysiajs/cors": ["@elysiajs/cors@1.4.0", "", { "peerDependencies": { "elysia": ">= 1.4.0" } }, "sha512-pb0SCzBfFbFSYA/U40HHO7R+YrcXBJXOWgL20eSViK33ol1e20ru2/KUaZYo5IMUn63yaTJI/bQERuQ+77ND8g=="],

    "@elysiajs/swagger": ["@elysiajs/swagger@1.3.1", "", { "dependencies": { "@scalar/themes": "^0.9.52", "@scalar/types": "^0.0.12", "openapi-types": "^12.1.3", "pathe": "^1.1.2" }, "peerDependencies": { "elysia": ">= 1.3.0" } }, "sha512-LcbLHa0zE6FJKWPWKsIC/f+62wbDv3aXydqcNPVPyqNcaUgwvCajIi+5kHEU6GO3oXUCpzKaMsb3gsjt8sLzFQ=="],

    "@ioredis/commands": ["@ioredis/commands@1.4.0", "", {}, "sha512-aFT2yemJJo+TZCmieA7qnYGQooOS7QfNmYrzGtsYd3g9j5iDP8AimYYAesf79ohjbLG12XxC4nG5DyEnC88AsQ=="],

    "@scalar/openapi-types": ["@scalar/openapi-types@0.1.1", "", {}, "sha512-NMy3QNk6ytcCoPUGJH0t4NNr36OWXgZhA3ormr3TvhX1NDgoF95wFyodGVH8xiHeUyn2/FxtETm8UBLbB5xEmg=="],

    "@scalar/themes": ["@scalar/themes@0.9.86", "", { "dependencies": { "@scalar/types": "0.1.7" } }, "sha512-QUHo9g5oSWi+0Lm1vJY9TaMZRau8LHg+vte7q5BVTBnu6NuQfigCaN+ouQ73FqIVd96TwMO6Db+dilK1B+9row=="],

    "@scalar/types": ["@scalar/types@0.0.12", "", { "dependencies": { "@scalar/openapi-types": "0.1.1", "@unhead/schema": "^1.9.5" } }, "sha512-XYZ36lSEx87i4gDqopQlGCOkdIITHHEvgkuJFrXFATQs9zHARop0PN0g4RZYWj+ZpCUclOcaOjbCt8JGe22mnQ=="],

    "@sinclair/typebox": ["@sinclair/typebox@0.34.41", "", {}, "sha512-6gS8pZzSXdyRHTIqoqSVknxolr1kzfy4/CeDnrzsVz8TTIWUbOBr6gnzOmTYJ3eXQNh4IYHIGi5aIL7sOZ2G/g=="],

    "@tokenizer/inflate": ["@tokenizer/inflate@0.2.7", "", { "dependencies": { "debug": "^4.4.0", "fflate": "^0.8.2", "token-types": "^6.0.0" } }, "sha512-MADQgmZT1eKjp06jpI2yozxaU9uVs4GzzgSL+uEq7bVcJ9V1ZXQkeGNql1fsSI0gMy1vhvNTNbUqrx+pZfJVmg=="],

    "@tokenizer/token": ["@tokenizer/token@0.3.0", "", {}, "sha512-OvjF+z51L3ov0OyAU0duzsYuvO01PH7x4t6DJx+guahgTnBHkhJdG7soQeTSFLWN3efnHyibZ4Z8l2EuWwJN3A=="],

    "@trpc/server": ["@trpc/server@11.6.0", "", { "peerDependencies": { "typescript": ">=5.7.2" } }, "sha512-skTso0AWbOZck40jwNeYv++AMZXNWLUWdyk+pB5iVaYmEKTuEeMoPrEudR12VafbEU6tZa8HK3QhBfTYYHDCdg=="],

    "@types/bun": ["@types/bun@1.3.0", "", { "dependencies": { "bun-types": "1.3.0" } }, "sha512-+lAGCYjXjip2qY375xX/scJeVRmZ5cY0wyHYyCYxNcdEXrQ4AOe3gACgd4iQ8ksOslJtW4VNxBJ8llUwc3a6AA=="],

    "@types/lodash": ["@types/lodash@4.17.20", "", {}, "sha512-H3MHACvFUEiujabxhaI/ImO6gUrd8oOurg7LQtS7mbwIXA/cUqWrvBsaeJ23aZEPk1TAYkurjfMbSELfoCXlGA=="],

    "@types/node": ["@types/node@24.8.0", "", { "dependencies": { "undici-types": "~7.14.0" } }, "sha512-5x08bUtU8hfboMTrJ7mEO4CpepS9yBwAqcL52y86SWNmbPX8LVbNs3EP4cNrIZgdjk2NAlP2ahNihozpoZIxSg=="],

    "@types/react": ["@types/react@19.2.2", "", { "dependencies": { "csstype": "^3.0.2" } }, "sha512-6mDvHUFSjyT2B2yeNx2nUgMxh9LtOWvkhIU3uePn2I2oyNymUAX1NIsdgviM4CH+JSrp2D2hsMvJOkxY+0wNRA=="],

    "@unhead/schema": ["@unhead/schema@1.11.20", "", { "dependencies": { "hookable": "^5.5.3", "zhead": "^2.2.4" } }, "sha512-0zWykKAaJdm+/Y7yi/Yds20PrUK7XabLe9c3IRcjnwYmSWY6z0Cr19VIs3ozCj8P+GhR+/TI2mwtGlueCEYouA=="],

    "bun-types": ["bun-types@1.3.0", "", { "dependencies": { "@types/node": "*" }, "peerDependencies": { "@types/react": "^19" } }, "sha512-u8X0thhx+yJ0KmkxuEo9HAtdfgCBaM/aI9K90VQcQioAmkVp3SG3FkwWGibUFz3WdXAdcsqOcbU40lK7tbHdkQ=="],

    "citty": ["citty@0.1.6", "", { "dependencies": { "consola": "^3.2.3" } }, "sha512-tskPPKEs8D2KPafUypv2gxwJP8h/OaJmC82QQGGDQcHvXX43xF2VDACcJVmZ0EuSxkpO9Kc4MlrA3q0+FG58AQ=="],

    "cluster-key-slot": ["cluster-key-slot@1.1.2", "", {}, "sha512-RMr0FhtfXemyinomL4hrWcYJxmX6deFdCxpJzhDttxgO1+bcCnkk+9drydLVDmAMG7NE6aN/fl4F7ucU/90gAA=="],

    "commander": ["commander@14.0.1", "", {}, "sha512-2JkV3gUZUVrbNA+1sjBOYLsMZ5cEEl8GTFP2a4AVz5hvasAMCQ1D2l2le/cX+pV4N6ZU17zjUahLpIXRrnWL8A=="],

    "confbox": ["confbox@0.2.2", "", {}, "sha512-1NB+BKqhtNipMsov4xI/NnhCKp9XG9NamYp5PVm9klAT0fsrNPjaFICsCFhNhwZJKNh7zB/3q8qXz0E9oaMNtQ=="],

    "consola": ["consola@3.4.2", "", {}, "sha512-5IKcdX0nnYavi6G7TtOhwkYzyjfJlatbjMjuLSfE2kYT5pMDOilZ4OvMhi637CcDICTmz3wARPoyhqyX1Y+XvA=="],

    "cookie": ["cookie@1.0.2", "", {}, "sha512-9Kr/j4O16ISv8zBBhJoi4bXOYNTkFLOqSL3UDB0njXxCXNezjeyVrJyGOWtgfs/q2km1gwBcfH8q1yEGoMYunA=="],

    "csstype": ["csstype@3.1.3", "", {}, "sha512-M1uQkMl8rQK/szD0LNhtqxIPLpimGm8sOBwU7lLnCpSbTyY3yeU1Vc7l4KT5zT4s/yOxHH5O7tIuuLOCnLADRw=="],

    "debug": ["debug@4.4.3", "", { "dependencies": { "ms": "^2.1.3" } }, "sha512-RGwwWnwQvkVfavKVt22FGLw+xYSdzARwm0ru6DhTVA3umU5hZc28V3kO4stgYryrTlLpuvgI9GiijltAjNbcqA=="],

    "deepmerge": ["deepmerge@4.3.1", "", {}, "sha512-3sUqbMEc77XqpdNO7FRyRog+eW3ph+GYCbj+rK+uYyRMuwsVy0rMiVtPn+QJlKFvWP/1PYpapqYn0Me2knFn+A=="],

    "denque": ["denque@2.1.0", "", {}, "sha512-HVQE3AAb/pxF8fQAoiqpvg9i3evqug3hoiwakOyZAwJm+6vZehbkYXZ0l4JxS+I3QxM97v5aaRNhj8v5oBhekw=="],

    "elysia": ["elysia@1.4.12", "", { "dependencies": { "cookie": "^1.0.2", "exact-mirror": "0.2.2", "fast-decode-uri-component": "^1.0.1" }, "peerDependencies": { "@sinclair/typebox": ">= 0.34.0 < 1", "file-type": ">= 20.0.0", "openapi-types": ">= 12.0.0", "typescript": ">= 5.0.0" }, "optionalPeers": ["typescript"] }, "sha512-wbd0BkrobsjWSloIfYeF3f7G7rR0UWMa6tuLUhf6ZvwjiCEX3FVfhDsM+KaqqRRxkZpPDw42q4yIZlBLyE32ww=="],

    "eventsource": ["eventsource@4.0.0", "", { "dependencies": { "eventsource-parser": "^3.0.1" } }, "sha512-fvIkb9qZzdMxgZrEQDyll+9oJsyaVvY92I2Re+qK0qEJ+w5s0X3dtz+M0VAPOjP1gtU3iqWyjQ0G3nvd5CLZ2g=="],

    "eventsource-parser": ["eventsource-parser@3.0.6", "", {}, "sha512-Vo1ab+QXPzZ4tCa8SwIHJFaSzy4R6SHf7BY79rFBDf0idraZWAkYrDjDj8uWaSm3S2TK+hJ7/t1CEmZ7jXw+pg=="],

    "exact-mirror": ["exact-mirror@0.2.2", "", { "peerDependencies": { "@sinclair/typebox": "^0.34.15" }, "optionalPeers": ["@sinclair/typebox"] }, "sha512-CrGe+4QzHZlnrXZVlo/WbUZ4qQZq8C0uATQVGVgXIrNXgHDBBNFD1VRfssRA2C9t3RYvh3MadZSdg2Wy7HBoQA=="],

    "exsolve": ["exsolve@1.0.7", "", {}, "sha512-VO5fQUzZtI6C+vx4w/4BWJpg3s/5l+6pRQEHzFRM8WFi4XffSP1Z+4qi7GbjWbvRQEbdIco5mIMq+zX4rPuLrw=="],

    "fast-decode-uri-component": ["fast-decode-uri-component@1.0.1", "", {}, "sha512-WKgKWg5eUxvRZGwW8FvfbaH7AXSh2cL+3j5fMGzUMCxWBJ3dV3a7Wz8y2f/uQ0e3B6WmodD3oS54jTQ9HVTIIg=="],

    "fflate": ["fflate@0.8.2", "", {}, "sha512-cPJU47OaAoCbg0pBvzsgpTPhmhqI5eJjh/JIu8tPj5q+T7iLvW/JAYUqmE7KOB4R1ZyEhzBaIQpQpardBF5z8A=="],

    "file-type": ["file-type@21.0.0", "", { "dependencies": { "@tokenizer/inflate": "^0.2.7", "strtok3": "^10.2.2", "token-types": "^6.0.0", "uint8array-extras": "^1.4.0" } }, "sha512-ek5xNX2YBYlXhiUXui3D/BXa3LdqPmoLJ7rqEx2bKJ7EAUEfmXgW0Das7Dc6Nr9MvqaOnIqiPV0mZk/r/UpNAg=="],

    "hookable": ["hookable@5.5.3", "", {}, "sha512-Yc+BQe8SvoXH1643Qez1zqLRmbA5rCL+sSmk6TVos0LWVfNIB7PGncdlId77WzLGSIB5KaWgTaNTs2lNVEI6VQ=="],

    "ieee754": ["ieee754@1.2.1", "", {}, "sha512-dcyqhDvX1C46lXZcVqCpK+FtMRQVdIMN6/Df5js2zouUsqG7I6sFxitIC+7KYK29KdXOLHdu9zL4sFnoVQnqaA=="],

    "image-meta": ["image-meta@0.2.2", "", {}, "sha512-3MOLanc3sb3LNGWQl1RlQlNWURE5g32aUphrDyFeCsxBTk08iE3VNe4CwsUZ0Qs1X+EfX0+r29Sxdpza4B+yRA=="],

    "ioredis": ["ioredis@5.8.1", "", { "dependencies": { "@ioredis/commands": "1.4.0", "cluster-key-slot": "^1.1.0", "debug": "^4.3.4", "denque": "^2.1.0", "lodash.defaults": "^4.2.0", "lodash.isarguments": "^3.1.0", "redis-errors": "^1.2.0", "redis-parser": "^3.0.0", "standard-as-callback": "^2.1.0" } }, "sha512-Qho8TgIamqEPdgiMadJwzRMW3TudIg6vpg4YONokGDudy4eqRIJtDbVX72pfLBcWxvbn3qm/40TyGUObdW4tLQ=="],

    "js-1sat-ord": ["js-1sat-ord@0.1.82", "", { "dependencies": { "image-meta": "^0.2.1", "satoshi-token": "^0.0.4", "sigma-protocol": "^0.1.6" }, "peerDependencies": { "@bsv/sdk": "^1.1.23" } }, "sha512-T7v+3fgCJEpB487d7ffBbwrO6yvSHt7Uix0knri8+ja4lAPt8YuEIwxj0oooo6bqqQr4hyOVhpZUpM8VYzyRvg=="],

    "jsonc-parser": ["jsonc-parser@3.3.1", "", {}, "sha512-HUgH65KyejrUFPvHFPbqOY0rsFip3Bo5wb4ngvdi1EpCYWUQDC5V+Y7mZws+DLkr4M//zQJoanu1SP+87Dv1oQ=="],

    "lodash": ["lodash@4.17.21", "", {}, "sha512-v2kDEe57lecTulaDIuNTPy3Ry4gLGJ6Z1O3vE1krgXZNrsQ+LFTGHVxVjcXPs17LhbZVGedAJv8XZ1tvj5FvSg=="],

    "lodash.defaults": ["lodash.defaults@4.2.0", "", {}, "sha512-qjxPLHd3r5DnsdGacqOMU6pb/avJzdh9tFX2ymgoZE27BmjXrNy/y4LoaiTeAb+O3gL8AfpJGtqfX/ae2leYYQ=="],

    "lodash.isarguments": ["lodash.isarguments@3.1.0", "", {}, "sha512-chi4NHZlZqZD18a0imDHnZPrDeBbTtVN7GXMwuGdRH9qotxAjYs3aVLKc7zNOG9eddR5Ksd8rvFEBc9SsggPpg=="],

    "ms": ["ms@2.1.3", "", {}, "sha512-6FlzubTLZG3J2a/NVCAleEhjzq5oxgHyaCU9yYXvcLsvoVaHJq/s5xXI6/XXP6tz7R9xAOtHnSO/tXtF3WRTlA=="],

    "nanoid": ["nanoid@5.1.6", "", { "bin": { "nanoid": "bin/nanoid.js" } }, "sha512-c7+7RQ+dMB5dPwwCp4ee1/iV/q2P6aK1mTZcfr1BTuVlyW9hJYiMPybJCcnBlQtuSmTIWNeazm/zqNoZSSElBg=="],

    "nypm": ["nypm@0.6.2", "", { "dependencies": { "citty": "^0.1.6", "consola": "^3.4.2", "pathe": "^2.0.3", "pkg-types": "^2.3.0", "tinyexec": "^1.0.1" }, "bin": { "nypm": "dist/cli.mjs" } }, "sha512-7eM+hpOtrKrBDCh7Ypu2lJ9Z7PNZBdi/8AT3AX8xoCj43BBVHD0hPSTEvMtkMpfs8FCqBGhxB+uToIQimA111g=="],

    "openapi-types": ["openapi-types@12.1.3", "", {}, "sha512-N4YtSYJqghVu4iek2ZUvcN/0aqH1kRDuNqzcycDxhOUpg7GdvLa2F3DgS6yBNhInhv2r/6I0Flkn7CqL8+nIcw=="],

    "pathe": ["pathe@1.1.2", "", {}, "sha512-whLdWMYL2TwI08hn8/ZqAbrVemu0LNaNNJZX73O6qaIdCTfXutsLhMkjdENX0qhsQ9uIimo4/aQOmXkoon2nDQ=="],

    "picocolors": ["picocolors@1.1.1", "", {}, "sha512-xceH2snhtb5M9liqDsmEw56le376mTZkEX/jEb/RxNFyegNul7eNslCXP9FDj/Lcu0X8KEyMceP2ntpaHrDEVA=="],

    "pkg-types": ["pkg-types@2.3.0", "", { "dependencies": { "confbox": "^0.2.2", "exsolve": "^1.0.7", "pathe": "^2.0.3" } }, "sha512-SIqCzDRg0s9npO5XQ3tNZioRY1uK06lA41ynBC1YmFTmnY6FjUjVt6s4LoADmwoig1qqD0oK8h1p/8mlMx8Oig=="],

    "redis-errors": ["redis-errors@1.2.0", "", {}, "sha512-1qny3OExCf0UvUV/5wpYKf2YwPcOqXzkwKKSmKHiE6ZMQs5heeE/c8eXK+PNllPvmjgAbfnsbpkGZWy8cBpn9w=="],

    "redis-parser": ["redis-parser@3.0.0", "", { "dependencies": { "redis-errors": "^1.0.0" } }, "sha512-DJnGAeenTdpMEH6uAJRK/uiyEIH9WVsUmoLwzudwGJUwZPp80PDBWPHXSAGNPwNvIXAbe7MSUB1zQFugFml66A=="],

    "satoshi-token": ["satoshi-token@0.0.4", "", { "peerDependencies": { "typescript": "^5.5.4" } }, "sha512-chK1+M3DWiHOUg6L7ON9joetIJQmAwk5yHcm/mrhUFfdUfsVpo9hIPSCWozAxfr2E7Lao1azt1a1NwCLoc7ZWw=="],

    "sigma-protocol": ["sigma-protocol@0.1.6", "", { "peerDependencies": { "@bsv/sdk": "^1.1.23" } }, "sha512-0j/sqFRx4ZAuNwDxbERLwQL3IFide7vuEMNkIcynd2U1xJr347nKMEiozbCicIjDpuDSahuGgIuU6BYD8oGc5A=="],

    "sisteransi": ["sisteransi@1.0.5", "", {}, "sha512-bLGGlR1QxBcynn2d5YmDX4MGjlZvy2MRBDRNHLJ8VI6l6+9FUiyTFNJ0IveOSP0bcXgVDPRcfGqA0pjaqUpfVg=="],

    "standard-as-callback": ["standard-as-callback@2.1.0", "", {}, "sha512-qoRRSyROncaz1z0mvYqIE4lCd9p2R90i6GxW3uZv5ucSu8tU7B5HXUP1gG8pVZsYNVaXjk8ClXHPttLyxAL48A=="],

    "strtok3": ["strtok3@10.3.4", "", { "dependencies": { "@tokenizer/token": "^0.3.0" } }, "sha512-KIy5nylvC5le1OdaaoCJ07L+8iQzJHGH6pWDuzS+d07Cu7n1MZ2x26P8ZKIWfbK02+XIL8Mp4RkWeqdUCrDMfg=="],

    "tinyexec": ["tinyexec@1.0.1", "", {}, "sha512-5uC6DDlmeqiOwCPmK9jMSdOuZTh8bU39Ys6yidB+UTt5hfZUPGAypSgFRiEp+jbi9qH40BLDvy85jIU88wKSqw=="],

    "token-types": ["token-types@6.1.1", "", { "dependencies": { "@borewit/text-codec": "^0.1.0", "@tokenizer/token": "^0.3.0", "ieee754": "^1.2.1" } }, "sha512-kh9LVIWH5CnL63Ipf0jhlBIy0UsrMj/NJDfpsy1SqOXlLKEVyXXYrnFxFT1yOOYVGBSApeVnjPw/sBz5BfEjAQ=="],

    "trpc-cli": ["trpc-cli@0.11.0", "", { "dependencies": { "commander": "^14.0.0" }, "peerDependencies": { "@orpc/server": "^1.0.0", "@trpc/server": "^10.45.2 || ^11.0.1", "@valibot/to-json-schema": "^1.1.0", "effect": "^3.14.2 || ^4.0.0", "valibot": "^1.1.0", "zod": "^3.24.0 || ^4.0.0" }, "optionalPeers": ["@orpc/server", "@trpc/server", "@valibot/to-json-schema", "effect", "valibot", "zod"], "bin": { "trpc-cli": "dist/bin.js" } }, "sha512-cFt5LVl1EzwmhZtWa6xPBWr6rgLXGgEOqmcTMIYcI6fLQE1REgu6tS55LmqUJs5kVSXrOd1z5/aufJS71xUUyA=="],

    "type-fest": ["type-fest@4.41.0", "", {}, "sha512-TeTSQ6H5YHvpqVwBRcnLDCBnDOHWYu7IvGbHT6N8AOymcr9PJGjc1GTtiWZTYg0NCgYwvnYWEkVChQAr9bjfwA=="],

    "typescript": ["typescript@5.9.3", "", { "bin": { "tsc": "bin/tsc", "tsserver": "bin/tsserver" } }, "sha512-jl1vZzPDinLr9eUt3J/t7V6FgNEw9QjvBPdysz9KfQDD41fQrC2Y4vKQdiaUpFT4bXlb1RHhLpp8wtm6M5TgSw=="],

    "uint8array-extras": ["uint8array-extras@1.5.0", "", {}, "sha512-rvKSBiC5zqCCiDZ9kAOszZcDvdAHwwIKJG33Ykj43OKcWsnmcBRL09YTU4nOeHZ8Y2a7l1MgTd08SBe9A8Qj6A=="],

    "ultracite": ["ultracite@5.6.4", "", { "dependencies": { "@clack/prompts": "^0.11.0", "@trpc/server": "^11.6.0", "deepmerge": "^4.3.1", "jsonc-parser": "^3.3.1", "nypm": "^0.6.2", "trpc-cli": "^0.11.0", "zod": "^4.1.12" }, "bin": { "ultracite": "dist/index.js" } }, "sha512-Ejgh8uYhqgV1QzKAE1vwRHHu24mTCg43DLOJG+gXi7hHSAPAWdDEs9fgBiuYZxH2bsQiWSsEF6hMv5aLJuM6/w=="],

    "undici-types": ["undici-types@7.14.0", "", {}, "sha512-QQiYxHuyZ9gQUIrmPo3IA+hUl4KYk8uSA7cHrcKd/l3p1OTpZcM0Tbp9x7FAtXdAYhlasd60ncPpgu6ihG6TOA=="],

    "zhead": ["zhead@2.2.4", "", {}, "sha512-8F0OI5dpWIA5IGG5NHUg9staDwz/ZPxZtvGVf01j7vHqSyZ0raHY+78atOVxRqb73AotX22uV1pXt3gYSstGag=="],

    "zod": ["zod@4.1.12", "", {}, "sha512-JInaHOamG8pt5+Ey8kGmdcAcg3OL9reK8ltczgHTAwNhMys/6ThXHityHxVV2p3fkw/c+MAvBHFVYHFZDmjMCQ=="],

    "@scalar/themes/@scalar/types": ["@scalar/types@0.1.7", "", { "dependencies": { "@scalar/openapi-types": "0.2.0", "@unhead/schema": "^1.11.11", "nanoid": "^5.1.5", "type-fest": "^4.20.0", "zod": "^3.23.8" } }, "sha512-irIDYzTQG2KLvFbuTI8k2Pz/R4JR+zUUSykVTbEMatkzMmVFnn1VzNSMlODbadycwZunbnL2tA27AXed9URVjw=="],

    "nypm/pathe": ["pathe@2.0.3", "", {}, "sha512-WUjGcAqP1gQacoQe+OBJsFA7Ld4DyXuUIjZ5cc75cLHvJ7dtNsTugphxIADwspS+AraAUePCKrSVtPLFj/F88w=="],

    "pkg-types/pathe": ["pathe@2.0.3", "", {}, "sha512-WUjGcAqP1gQacoQe+OBJsFA7Ld4DyXuUIjZ5cc75cLHvJ7dtNsTugphxIADwspS+AraAUePCKrSVtPLFj/F88w=="],

    "@scalar/themes/@scalar/types/@scalar/openapi-types": ["@scalar/openapi-types@0.2.0", "", { "dependencies": { "zod": "^3.23.8" } }, "sha512-waiKk12cRCqyUCWTOX0K1WEVX46+hVUK+zRPzAahDJ7G0TApvbNkuy5wx7aoUyEk++HHde0XuQnshXnt8jsddA=="],

    "@scalar/themes/@scalar/types/zod": ["zod@3.25.76", "", {}, "sha512-gzUt/qt81nXsFGKIFcC3YnfEAx5NkunCfnDlvuBSSFS02bcXu4Lmea0AFIUwbLWxWPx3d9p8S5QoaujKcNQxcQ=="],
  }
}
